
Microsoft Visual Studio Solution File, Format Version 12.00
# Visual Studio 15
VisualStudioVersion = 15.0.27004.2006
MinimumVisualStudioVersion = 10.0.40219.1
Project("{FAE04EC0-301F-11D3-BF4B-00C04F79EFBC}") = "TPLDataFlowDebuggerVisualizer", "TPLDataFlowDebuggerVisualizer\TPLDataFlowDebuggerVisualizer.csproj", "{7761A6F1-8120-47BD-B987-C49FB0DD18CA}"
EndProject
Project("{FAE04EC0-301F-11D3-BF4B-00C04F79EFBC}") = "TPLDataFlowDebuggerVisualizer.Tester", "TPLDataFlowDebuggerVisualizer.Tester\TPLDataFlowDebuggerVisualizer.Tester.csproj", "{131ECE0C-FABE-44BF-BD89-13505BD93760}"
EndProject
Project("{FAE04EC0-301F-11D3-BF4B-00C04F79EFBC}") = "VSIXTPLDataFlowDebuggerVisualizer", "VSIXTPLDataFlowDebuggerVisualizer\VSIXTPLDataFlowDebuggerVisualizer.csproj", "{CEF838AB-2EB1-4B6B-A0CC-7D2F0E2B4CDE}"
EndProject
Global
	GlobalSection(SolutionConfigurationPlatforms) = preSolution
		Debug|Any CPU = Debug|Any CPU
		Debug|Mixed Platforms = Debug|Mixed Platforms
		Debug|x86 = Debug|x86
		Release|Any CPU = Release|Any CPU
		Release|Mixed Platforms = Release|Mixed Platforms
		Release|x86 = Release|x86
	EndGlobalSection
	GlobalSection(ProjectConfigurationPlatforms) = postSolution
		{7761A6F1-8120-47BD-B987-C49FB0DD18CA}.Debug|Any CPU.ActiveCfg = Debug|Any CPU
		{7761A6F1-8120-47BD-B987-C49FB0DD18CA}.Debug|Any CPU.Build.0 = Debug|Any CPU
		{7761A6F1-8120-47BD-B987-C49FB0DD18CA}.Debug|Mixed Platforms.ActiveCfg = Debug|Any CPU
		{7761A6F1-8120-47BD-B987-C49FB0DD18CA}.Debug|Mixed Platforms.Build.0 = Debug|Any CPU
		{7761A6F1-8120-47BD-B987-C49FB0DD18CA}.Debug|x86.ActiveCfg = Debug|Any CPU
		{7761A6F1-8120-47BD-B987-C49FB0DD18CA}.Release|Any CPU.ActiveCfg = Release|Any CPU
		{7761A6F1-8120-47BD-B987-C49FB0DD18CA}.Release|Any CPU.Build.0 = Release|Any CPU
		{7761A6F1-8120-47BD-B987-C49FB0DD18CA}.Release|Mixed Platforms.ActiveCfg = Release|Any CPU
		{7761A6F1-8120-47BD-B987-C49FB0DD18CA}.Release|Mixed Platforms.Build.0 = Release|Any CPU
		{7761A6F1-8120-47BD-B987-C49FB0DD18CA}.Release|x86.ActiveCfg = Release|Any CPU
		{131ECE0C-FABE-44BF-BD89-13505BD93760}.Debug|Any CPU.ActiveCfg = Debug|Any CPU
		{131ECE0C-FABE-44BF-BD89-13505BD93760}.Debug|Any CPU.Build.0 = Debug|Any CPU
		{131ECE0C-FABE-44BF-BD89-13505BD93760}.Debug|Mixed Platforms.ActiveCfg = Debug|Any CPU
		{131ECE0C-FABE-44BF-BD89-13505BD93760}.Debug|Mixed Platforms.Build.0 = Debug|Any CPU
		{131ECE0C-FABE-44BF-BD89-13505BD93760}.Debug|x86.ActiveCfg = Debug|Any CPU
		{131ECE0C-FABE-44BF-BD89-13505BD93760}.Release|Any CPU.ActiveCfg = Release|Any CPU
		{131ECE0C-FABE-44BF-BD89-13505BD93760}.Release|Any CPU.Build.0 = Release|Any CPU
		{131ECE0C-FABE-44BF-BD89-13505BD93760}.Release|Mixed Platforms.ActiveCfg = Release|Any CPU
		{131ECE0C-FABE-44BF-BD89-13505BD93760}.Release|Mixed Platforms.Build.0 = Release|Any CPU
		{131ECE0C-FABE-44BF-BD89-13505BD93760}.Release|x86.ActiveCfg = Release|Any CPU
		{CEF838AB-2EB1-4B6B-A0CC-7D2F0E2B4CDE}.Debug|Any CPU.ActiveCfg = Debug|Any CPU
		{CEF838AB-2EB1-4B6B-A0CC-7D2F0E2B4CDE}.Debug|Any CPU.Build.0 = Debug|Any CPU
		{CEF838AB-2EB1-4B6B-A0CC-7D2F0E2B4CDE}.Debug|Mixed Platforms.ActiveCfg = Debug|Any CPU
		{CEF838AB-2EB1-4B6B-A0CC-7D2F0E2B4CDE}.Debug|Mixed Platforms.Build.0 = Debug|Any CPU
		{CEF838AB-2EB1-4B6B-A0CC-7D2F0E2B4CDE}.Debug|x86.ActiveCfg = Debug|Any CPU
		{CEF838AB-2EB1-4B6B-A0CC-7D2F0E2B4CDE}.Debug|x86.Build.0 = Debug|Any CPU
		{CEF838AB-2EB1-4B6B-A0CC-7D2F0E2B4CDE}.Release|Any CPU.ActiveCfg = Release|Any CPU
		{CEF838AB-2EB1-4B6B-A0CC-7D2F0E2B4CDE}.Release|Any CPU.Build.0 = Release|Any CPU
		{CEF838AB-2EB1-4B6B-A0CC-7D2F0E2B4CDE}.Release|Mixed Platforms.ActiveCfg = Release|Any CPU
		{CEF838AB-2EB1-4B6B-A0CC-7D2F0E2B4CDE}.Release|Mixed Platforms.Build.0 = Release|Any CPU
		{CEF838AB-2EB1-4B6B-A0CC-7D2F0E2B4CDE}.Release|x86.ActiveCfg = Release|Any CPU
		{CEF838AB-2EB1-4B6B-A0CC-7D2F0E2B4CDE}.Release|x86.Build.0 = Release|Any CPU
	EndGlobalSection
	GlobalSection(SolutionProperties) = preSolution
		HideSolutionNode = FALSE
	EndGlobalSection
	GlobalSection(ExtensibilityGlobals) = postSolution
		SolutionGuid = {80C5BDE9-D219-4EA4-9311-655A2EA80656}
	EndGlobalSection
EndGlobal
